
Microsoft Visual Studio Solution File, Format Version 12.00
# Visual Studio Version 17
VisualStudioVersion = 17.7.34031.279
MinimumVisualStudioVersion = 10.0.40219.1
Project("{FAE04EC0-301F-11D3-BF4B-00C04F79EFBC}") = "BinomialMathematics", "BinomialMathematics\BinomialMathematics.csproj", "{C8D49860-7F5F-42F0-A7F1-684D96F5F0A4}"
EndProject
Project("{FAE04EC0-301F-11D3-BF4B-00C04F79EFBC}") = "BinomTests", "BinomTests\BinomTests.csproj", "{0F0BC9DF-948D-490E-9D83-5DD7985491E7}"
EndProject
Global
	GlobalSection(SolutionConfigurationPlatforms) = preSolution
		Debug|Any CPU = Debug|Any CPU
		Release|Any CPU = Release|Any CPU
	EndGlobalSection
	GlobalSection(ProjectConfigurationPlatforms) = postSolution
		{C8D49860-7F5F-42F0-A7F1-684D96F5F0A4}.Debug|Any CPU.ActiveCfg = Debug|Any CPU
		{C8D49860-7F5F-42F0-A7F1-684D96F5F0A4}.Debug|Any CPU.Build.0 = Debug|Any CPU
		{C8D49860-7F5F-42F0-A7F1-684D96F5F0A4}.Release|Any CPU.ActiveCfg = Release|Any CPU
		{C8D49860-7F5F-42F0-A7F1-684D96F5F0A4}.Release|Any CPU.Build.0 = Release|Any CPU
		{0F0BC9DF-948D-490E-9D83-5DD7985491E7}.Debug|Any CPU.ActiveCfg = Debug|Any CPU
		{0F0BC9DF-948D-490E-9D83-5DD7985491E7}.Debug|Any CPU.Build.0 = Debug|Any CPU
		{0F0BC9DF-948D-490E-9D83-5DD7985491E7}.Release|Any CPU.ActiveCfg = Release|Any CPU
		{0F0BC9DF-948D-490E-9D83-5DD7985491E7}.Release|Any CPU.Build.0 = Release|Any CPU
	EndGlobalSection
	GlobalSection(SolutionProperties) = preSolution
		HideSolutionNode = FALSE
	EndGlobalSection
	GlobalSection(ExtensibilityGlobals) = postSolution
		SolutionGuid = {0267A45A-53E2-425E-B114-E73AFAC6909A}
	EndGlobalSection
EndGlobal
